<?xml version="1.0" encoding="utf-8"?>
<Project ToolsVersion="4.0" xmlns="http://schemas.microsoft.com/developer/msbuild/2003">
  <ItemGroup>
    <Filter Include="ソース ファイル">
      <UniqueIdentifier>{4FC737F1-C7A5-4376-A066-2A32D752A2FF}</UniqueIdentifier>
      <Extensions>cpp;c;cc;cxx;def;odl;idl;hpj;bat;asm;asmx</Extensions>
    </Filter>
    <Filter Include="ヘッダー ファイル">
      <UniqueIdentifier>{93995380-89BD-4b04-88EB-625FBE52EBFB}</UniqueIdentifier>
      <Extensions>h;hh;hpp;hxx;hm;inl;inc;ipp;xsd</Extensions>
    </Filter>
    <Filter Include="リソース ファイル">
      <UniqueIdentifier>{67DA6AB6-F800-4c08-8B7A-83BB121AAD01}</UniqueIdentifier>
      <Extensions>rc;ico;cur;bmp;dlg;rc2;rct;bin;rgs;gif;jpg;jpeg;jpe;resx;tiff;tif;png;wav;mfcribbon-ms</Extensions>
    </Filter>
    <Filter Include="ソース ファイル\System">
      <UniqueIdentifier>{a0089c6a-49fb-4aba-b642-629b6e64073f}</UniqueIdentifier>
    </Filter>
    <Filter Include="ヘッダー ファイル\System">
      <UniqueIdentifier>{98f0dee0-ea50-4d4e-8d3d-708e03ba21cc}</UniqueIdentifier>
    </Filter>
    <Filter Include="ソース ファイル\Framework">
      <UniqueIdentifier>{20fcce2f-3870-4137-ab87-66508af8c793}</UniqueIdentifier>
    </Filter>
    <Filter Include="ヘッダー ファイル\Framework">
      <UniqueIdentifier>{fba4c4cb-4265-468e-8d3a-b4c42135946d}</UniqueIdentifier>
    </Filter>
    <Filter Include="ソース ファイル\PostEffect">
      <UniqueIdentifier>{84b7dab4-a507-48ae-aa5e-3092ebf303f2}</UniqueIdentifier>
    </Filter>
    <Filter Include="ソース ファイル\imgui">
      <UniqueIdentifier>{a0e1a0a8-0c1b-46d7-baa6-7f91892dd7fc}</UniqueIdentifier>
    </Filter>
    <Filter Include="ヘッダー ファイル\imgui">
      <UniqueIdentifier>{b28a90e9-60ba-48c3-9a6f-d7ddd09174f3}</UniqueIdentifier>
    </Filter>
    <Filter Include="ヘッダー ファイル\Player">
      <UniqueIdentifier>{26249511-3b2d-4578-a921-99d9a63dac95}</UniqueIdentifier>
    </Filter>
    <Filter Include="ソース ファイル\Player">
      <UniqueIdentifier>{5288d406-a55c-4b1e-832f-bbbf5225f244}</UniqueIdentifier>
    </Filter>
    <Filter Include="ヘッダー ファイル\PostEffect">
      <UniqueIdentifier>{123d6183-5784-4620-80c3-af6ee8e23b7b}</UniqueIdentifier>
    </Filter>
    <Filter Include="ソース ファイル\UI">
      <UniqueIdentifier>{fc33b01c-96f4-468d-a347-92d294acf87a}</UniqueIdentifier>
    </Filter>
    <Filter Include="ヘッダー ファイル\UI">
      <UniqueIdentifier>{40b3235b-30bc-4d13-9588-940f99f60a24}</UniqueIdentifier>
    </Filter>
    <Filter Include="ソース ファイル\Scene">
      <UniqueIdentifier>{9302d3c3-bd4b-4efc-99d6-5a008ffd1501}</UniqueIdentifier>
    </Filter>
    <Filter Include="ヘッダー ファイル\Scene">
      <UniqueIdentifier>{79f958d3-9acf-41a1-a7b8-dc7ed3cdf38c}</UniqueIdentifier>
    </Filter>
    <Filter Include="ソース ファイル\Player">
      <UniqueIdentifier>{a11dc05d-44db-44ee-b6c3-f8b76cc62e8d}</UniqueIdentifier>
    </Filter>
    <Filter Include="ヘッダー ファイル\Player">
      <UniqueIdentifier>{a0027e8c-63e5-4f3b-b155-edb9a93b6d41}</UniqueIdentifier>
    </Filter>
    <Filter Include="ソース ファイル\BG">
      <UniqueIdentifier>{5ed267d0-d7be-4bd2-9bcb-740e6e06be26}</UniqueIdentifier>
    </Filter>
    <Filter Include="ソース ファイル\Effect">
      <UniqueIdentifier>{acc2b2b2-ccf2-4d6f-acb8-2f5dd5a9f62c}</UniqueIdentifier>
    </Filter>
    <Filter Include="ヘッダー ファイル\Effect">
      <UniqueIdentifier>{064cc5a3-a7c3-4bc9-b945-9421833d739f}</UniqueIdentifier>
    </Filter>
    <Filter Include="ソース ファイル\Obstacles">
      <UniqueIdentifier>{997bcc58-c47d-4cf9-a243-5da0836594f9}</UniqueIdentifier>
    </Filter>
    <Filter Include="ヘッダー ファイル\Obstacles">
      <UniqueIdentifier>{592e6a2e-ad7f-401b-be58-5ed059673182}</UniqueIdentifier>
    </Filter>
    <Filter Include="ソース ファイル\sound">
      <UniqueIdentifier>{bd396638-24f7-4925-a129-2875448ed866}</UniqueIdentifier>
    </Filter>
    <Filter Include="ヘッダー ファイル\sound">
      <UniqueIdentifier>{5ccf4d3c-dab7-4bd6-8e3b-d897b674d55d}</UniqueIdentifier>
    </Filter>
    <Filter Include="ソース ファイル\Collider">
      <UniqueIdentifier>{8a05d734-25a1-44fc-b073-814e5126a090}</UniqueIdentifier>
    </Filter>
    <Filter Include="ヘッダー ファイル\Collider">
      <UniqueIdentifier>{6e5bcac6-9189-4e6c-b253-1ec550cf976a}</UniqueIdentifier>
    </Filter>
    <Filter Include="ヘッダー ファイル\Enemy">
      <UniqueIdentifier>{5db6f869-6ad0-47f3-89be-225001326c0b}</UniqueIdentifier>
    </Filter>
    <Filter Include="ソース ファイル\Player\State">
      <UniqueIdentifier>{c629b745-0461-48b9-b81e-d0ebf29ca163}</UniqueIdentifier>
    </Filter>
    <Filter Include="ヘッダー ファイル\Player\State">
      <UniqueIdentifier>{bfd5d334-3194-43eb-9e41-8bb6dd293c3f}</UniqueIdentifier>
    </Filter>
    <Filter Include="ソース ファイル\UI\TitleSceneUI">
      <UniqueIdentifier>{f68986be-0bbe-4c10-9ddb-9a8fc88f00db}</UniqueIdentifier>
    </Filter>
    <Filter Include="ヘッダー ファイル\UI\TitleSceneUI">
      <UniqueIdentifier>{0602e832-f8da-41f4-ac7f-b2ef853bfa80}</UniqueIdentifier>
    </Filter>
    <Filter Include="ソース ファイル\UI\GameSceneUI">
      <UniqueIdentifier>{4d12127d-3dc3-446f-b84b-7bc2e562cc1f}</UniqueIdentifier>
    </Filter>
    <Filter Include="ヘッダー ファイル\UI\GameSceneUI">
      <UniqueIdentifier>{ebd1c21e-aec6-488b-821f-1016fd64467a}</UniqueIdentifier>
    </Filter>
    <Filter Include="ソース ファイル\UI\SceneUIManager">
      <UniqueIdentifier>{4ecda8e9-d168-41e3-b859-8ed91851fffd}</UniqueIdentifier>
    </Filter>
    <Filter Include="ヘッダー ファイル\UI\SceneUIManager">
      <UniqueIdentifier>{c987a7c9-6f82-466b-9592-74b51ed87536}</UniqueIdentifier>
    </Filter>
    <Filter Include="ヘッダー ファイル\Enemy\Model">
      <UniqueIdentifier>{40296833-e7bf-47f8-a773-7eff874b2531}</UniqueIdentifier>
    </Filter>
    <Filter Include="ソース ファイル\Effect\Controller">
      <UniqueIdentifier>{660e251e-3220-43df-9cd6-831b843dca70}</UniqueIdentifier>
    </Filter>
    <Filter Include="ソース ファイル\Effect\Particle">
      <UniqueIdentifier>{722aeb19-a89f-4a75-921a-5203f90b4371}</UniqueIdentifier>
    </Filter>
    <Filter Include="ヘッダー ファイル\Effect\Controller">
      <UniqueIdentifier>{cf3bb14f-7645-4496-8292-06a792693a62}</UniqueIdentifier>
    </Filter>
    <Filter Include="ヘッダー ファイル\Effect\Particle">
      <UniqueIdentifier>{f2eb28fd-064b-40a0-bdd4-701126510746}</UniqueIdentifier>
    </Filter>
    <Filter Include="ソース ファイル\GameController">
      <UniqueIdentifier>{6130b87e-76c7-454b-82f0-da4bf1a0dcaa}</UniqueIdentifier>
    </Filter>
    <Filter Include="ヘッダー ファイル\GameController">
      <UniqueIdentifier>{8a8c568f-4f22-431d-8aba-9b24e028e899}</UniqueIdentifier>
    </Filter>
    <Filter Include="ソース ファイル\Enemy">
      <UniqueIdentifier>{8a4c5504-7a10-4568-b71e-60ddceb1b5f6}</UniqueIdentifier>
    </Filter>
    <Filter Include="ソース ファイル\Enemy\Model">
      <UniqueIdentifier>{1b54fa04-28aa-4755-983c-c44af28dd54d}</UniqueIdentifier>
    </Filter>
    <Filter Include="ソース ファイル\System\Score">
      <UniqueIdentifier>{0178d064-3574-4ac9-9d54-23e54448d163}</UniqueIdentifier>
    </Filter>
    <Filter Include="ヘッダー ファイル\System\Score">
      <UniqueIdentifier>{63dccca2-2b4c-440c-9469-ab5ee1917389}</UniqueIdentifier>
    </Filter>
    <Filter Include="ソース ファイル\UI\ResultSceneUI">
      <UniqueIdentifier>{5e22c4ca-9a77-484e-99e0-3899f863d911}</UniqueIdentifier>
    </Filter>
    <Filter Include="ヘッダー ファイル\UI\ResultSceneUI">
      <UniqueIdentifier>{a1c65f35-2dfd-4740-958e-e68c8b8ebe26}</UniqueIdentifier>
    </Filter>
    <Filter Include="ソース ファイル\UI\Telop">
      <UniqueIdentifier>{0ef87ea0-c898-4cc6-81c7-89301d6a4e7b}</UniqueIdentifier>
    </Filter>
    <Filter Include="ヘッダー ファイル\UI\Telop">
      <UniqueIdentifier>{3bcf998c-7dee-4bc7-9fcd-6c7e1aa6afa3}</UniqueIdentifier>
    </Filter>
    <Filter Include="ソース ファイル\Stage">
      <UniqueIdentifier>{01486906-f323-4787-a90e-75b766ee4f26}</UniqueIdentifier>
    </Filter>
    <Filter Include="ソース ファイル\Stage\EditWindow">
      <UniqueIdentifier>{b262d1c9-3f13-4053-b868-e787df812ce1}</UniqueIdentifier>
    </Filter>
    <Filter Include="ヘッダー ファイル\Stage">
      <UniqueIdentifier>{c0fb288c-52af-4639-848c-1671affcd45f}</UniqueIdentifier>
    </Filter>
    <Filter Include="ヘッダー ファイル\Stage\EditWindow">
      <UniqueIdentifier>{67a63066-4cb7-44e5-a76b-581e1b40540e}</UniqueIdentifier>
    </Filter>
    <Filter Include="ヘッダー ファイル\BG">
      <UniqueIdentifier>{32c236d4-f951-4bbb-ae16-90073dd29807}</UniqueIdentifier>
    </Filter>
    <Filter Include="ソース ファイル\Enemy\Factory">
      <UniqueIdentifier>{6f3cde4c-4826-4ff7-a9f7-739c14be2b04}</UniqueIdentifier>
    </Filter>
    <Filter Include="ヘッダー ファイル\Enemy\Factory">
      <UniqueIdentifier>{e0d44abe-09c8-49d1-9d5d-c3175ed7bd54}</UniqueIdentifier>
    </Filter>
    <Filter Include="ソース ファイル\Enemy\Model\State">
      <UniqueIdentifier>{c61f044a-6561-4b82-920b-08f95d28823f}</UniqueIdentifier>
    </Filter>
    <Filter Include="ヘッダー ファイル\Enemy\State">
      <UniqueIdentifier>{68212930-f43b-4ee7-9b69-617aa999841f}</UniqueIdentifier>
    </Filter>
  </ItemGroup>
  <ItemGroup>
    <ClInclude Include="camera.h">
      <Filter>ヘッダー ファイル\System</Filter>
    </ClInclude>
    <ClInclude Include="Game.h">
      <Filter>ヘッダー ファイル\System</Filter>
    </ClInclude>
    <ClInclude Include="input.h">
      <Filter>ヘッダー ファイル\System</Filter>
    </ClInclude>
    <ClInclude Include="MyLibrary.h">
      <Filter>ヘッダー ファイル\System</Filter>
    </ClInclude>
    <ClInclude Include="Framework\BaseCameraPlugin.h">
      <Filter>ヘッダー ファイル\Framework</Filter>
    </ClInclude>
    <ClInclude Include="Framework\MeshContainer.h">
      <Filter>ヘッダー ファイル\Framework</Filter>
    </ClInclude>
    <ClInclude Include="PostEffect\BloomController.h">
      <Filter>ヘッダー ファイル\PostEffect</Filter>
    </ClInclude>
    <ClInclude Include="PostEffect\BloomFilter.h">
      <Filter>ヘッダー ファイル\PostEffect</Filter>
    </ClInclude>
    <ClInclude Include="PostEffect\BlurFilter.h">
      <Filter>ヘッダー ファイル\PostEffect</Filter>
    </ClInclude>
    <ClInclude Include="PostEffect\CrossBlurFilter.h">
      <Filter>ヘッダー ファイル\PostEffect</Filter>
    </ClInclude>
    <ClInclude Include="PostEffect\CrossFilterController.h">
      <Filter>ヘッダー ファイル\PostEffect</Filter>
    </ClInclude>
    <ClInclude Include="PostEffect\MonotoneFilter.h">
      <Filter>ヘッダー ファイル\PostEffect</Filter>
    </ClInclude>
    <ClInclude Include="PostEffect\ScreenObject.h">
      <Filter>ヘッダー ファイル\PostEffect</Filter>
    </ClInclude>
    <ClInclude Include="PostEffect\ShockBlur.h">
      <Filter>ヘッダー ファイル\PostEffect</Filter>
    </ClInclude>
    <ClInclude Include="PostEffect\ShockBlurController.h">
      <Filter>ヘッダー ファイル\PostEffect</Filter>
    </ClInclude>
    <ClInclude Include="PostEffect\SpikeNoise.h">
      <Filter>ヘッダー ファイル\PostEffect</Filter>
    </ClInclude>
    <ClInclude Include="PostEffect\SpikeNoiseController.h">
      <Filter>ヘッダー ファイル\PostEffect</Filter>
    </ClInclude>
    <ClInclude Include="PostEffect\StrongBlurFilter.h">
      <Filter>ヘッダー ファイル\PostEffect</Filter>
    </ClInclude>
    <ClInclude Include="imgui\imconfig.h">
      <Filter>ヘッダー ファイル\imgui</Filter>
    </ClInclude>
    <ClInclude Include="imgui\imgui.h">
      <Filter>ヘッダー ファイル\imgui</Filter>
    </ClInclude>
    <ClInclude Include="imgui\imgui_impl_dx9.h">
      <Filter>ヘッダー ファイル\imgui</Filter>
    </ClInclude>
    <ClInclude Include="imgui\imgui_impl_win32.h">
      <Filter>ヘッダー ファイル\imgui</Filter>
    </ClInclude>
    <ClInclude Include="imgui\imgui_internal.h">
      <Filter>ヘッダー ファイル\imgui</Filter>
    </ClInclude>
    <ClInclude Include="imgui\imstb_rectpack.h">
      <Filter>ヘッダー ファイル\imgui</Filter>
    </ClInclude>
    <ClInclude Include="imgui\imstb_textedit.h">
      <Filter>ヘッダー ファイル\imgui</Filter>
    </ClInclude>
    <ClInclude Include="imgui\imstb_truetype.h">
      <Filter>ヘッダー ファイル\imgui</Filter>
    </ClInclude>
    <ClInclude Include="debugTimer.h">
      <Filter>ヘッダー ファイル\System</Filter>
    </ClInclude>
    <ClInclude Include="debugWindow.h">
      <Filter>ヘッダー ファイル\System</Filter>
    </ClInclude>
    <ClInclude Include="IStateMachine.h">
      <Filter>ヘッダー ファイル\System</Filter>
    </ClInclude>
    <ClInclude Include="PlayerBullet.h">
      <Filter>ヘッダー ファイル\Player</Filter>
    </ClInclude>
    <ClInclude Include="UIdrawer.h">
      <Filter>ヘッダー ファイル\UI</Filter>
    </ClInclude>
    <ClInclude Include="IStateScene.h">
      <Filter>ヘッダー ファイル\Scene</Filter>
    </ClInclude>
    <ClInclude Include="TitleScene.h">
      <Filter>ヘッダー ファイル\Scene</Filter>
    </ClInclude>
    <ClInclude Include="GameScene.h">
      <Filter>ヘッダー ファイル\Scene</Filter>
    </ClInclude>
    <ClInclude Include="Framework\AnimContainer.h">
      <Filter>ヘッダー ファイル\Framework</Filter>
    </ClInclude>
    <ClInclude Include="Framework\MyAllocateHierarchy.h">
      <Filter>ヘッダー ファイル\Framework</Filter>
    </ClInclude>
    <ClInclude Include="player.h">
      <Filter>ヘッダー ファイル\Player</Filter>
    </ClInclude>
    <ClInclude Include="InputController.h">
      <Filter>ヘッダー ファイル\System</Filter>
    </ClInclude>
    <ClInclude Include="PlayerController.h">
      <Filter>ヘッダー ファイル\Player</Filter>
    </ClInclude>
    <ClInclude Include="ResultScene.h">
      <Filter>ヘッダー ファイル\Scene</Filter>
    </ClInclude>
    <ClInclude Include="BackGroundCity.h">
      <Filter>ヘッダー ファイル\BG</Filter>
    </ClInclude>
    <ClInclude Include="SkyBox.h">
      <Filter>ヘッダー ファイル\BG</Filter>
    </ClInclude>
    <ClInclude Include="GameParticleManager.h">
      <Filter>ヘッダー ファイル\Effect</Filter>
    </ClInclude>
    <ClInclude Include="BackGroundRoad.h">
      <Filter>ヘッダー ファイル\BG</Filter>
    </ClInclude>
    <ClInclude Include="BackGroundField.h">
      <Filter>ヘッダー ファイル\BG</Filter>
    </ClInclude>
    <ClInclude Include="PostEffectManager.h">
      <Filter>ヘッダー ファイル\PostEffect</Filter>
    </ClInclude>
    <ClInclude Include="MyLibrary.h">
      <Filter>ヘッダー ファイル</Filter>
    </ClInclude>
    <ClInclude Include="player.h">
      <Filter>ヘッダー ファイル</Filter>
    </ClInclude>
    <ClInclude Include="MyLibrary.h">
      <Filter>ヘッダー ファイル</Filter>
    </ClInclude>
    <ClInclude Include="player.h">
      <Filter>ヘッダー ファイル</Filter>
    </ClInclude>
    <ClInclude Include="sound.h">
      <Filter>ヘッダー ファイル\sound</Filter>
    </ClInclude>
    <ClInclude Include="Framework\InstancingMeshContainer.h">
      <Filter>ヘッダー ファイル\Framework</Filter>
    </ClInclude>
    <ClInclude Include="main.h">
      <Filter>ヘッダー ファイル\System</Filter>
    </ClInclude>
    <ClInclude Include="light.h">
      <Filter>ヘッダー ファイル\System</Filter>
    </ClInclude>
    <ClInclude Include="light.h">
      <Filter>ヘッダー ファイル\System</Filter>
    </ClInclude>
    <ClInclude Include="RebarOb.h">
      <Filter>ヘッダー ファイル\Obstacles</Filter>
    </ClInclude>
    <ClInclude Include="light.h">
      <Filter>ヘッダー ファイル\System</Filter>
    </ClInclude>
    <ClInclude Include="TrailCollider.h">
      <Filter>ヘッダー ファイル\Collider</Filter>
    </ClInclude>
    <ClInclude Include="PostEffect\SpeedBlurFilter.h">
      <Filter>ヘッダー ファイル\PostEffect</Filter>
    </ClInclude>
    <ClInclude Include="PostEffect\SpeedBlurController.h">
      <Filter>ヘッダー ファイル\PostEffect</Filter>
    </ClInclude>
    <ClInclude Include="SoundStateScene.h">
      <Filter>ヘッダー ファイル\sound</Filter>
    </ClInclude>
    <ClInclude Include="SoundGameScene.h">
      <Filter>ヘッダー ファイル\sound</Filter>
    </ClInclude>
    <ClInclude Include="SoundTitleScene.h">
      <Filter>ヘッダー ファイル\sound</Filter>
    </ClInclude>
    <ClInclude Include="SoundResultScene.h">
      <Filter>ヘッダー ファイル\sound</Filter>
    </ClInclude>
    <ClInclude Include="Stencil.h">
      <Filter>ヘッダー ファイル\Framework</Filter>
    </ClInclude>
    <ClInclude Include="masktex.h">
      <Filter>ヘッダー ファイル\UI</Filter>
    </ClInclude>
    <ClInclude Include="GameSceneUIManager.h">
      <Filter>ヘッダー ファイル\UI\SceneUIManager</Filter>
    </ClInclude>
    <ClInclude Include="comboUI.h">
      <Filter>ヘッダー ファイル\UI\GameSceneUI</Filter>
    </ClInclude>
    <ClInclude Include="cursorUI.h">
      <Filter>ヘッダー ファイル\UI\GameSceneUI</Filter>
    </ClInclude>
    <ClInclude Include="guageUI.h">
      <Filter>ヘッダー ファイル\UI\GameSceneUI</Filter>
    </ClInclude>
    <ClInclude Include="lineUI.h">
      <Filter>ヘッダー ファイル\UI\GameSceneUI</Filter>
    </ClInclude>
    <ClInclude Include="scoreUI.h">
      <Filter>ヘッダー ファイル\UI\GameSceneUI</Filter>
    </ClInclude>
    <ClInclude Include="starUI.h">
      <Filter>ヘッダー ファイル\UI\GameSceneUI</Filter>
    </ClInclude>
    <ClInclude Include="trailUI.h">
      <Filter>ヘッダー ファイル\UI\GameSceneUI</Filter>
    </ClInclude>
    <ClInclude Include="TitleSceneUIManager.h">
      <Filter>ヘッダー ファイル\UI\SceneUIManager</Filter>
    </ClInclude>
    <ClInclude Include="titleLogoUI.h">
      <Filter>ヘッダー ファイル\UI\TitleSceneUI</Filter>
    </ClInclude>
    <ClInclude Include="startButtonUI.h">
      <Filter>ヘッダー ファイル\UI\TitleSceneUI</Filter>
    </ClInclude>
    <ClInclude Include="titleBGUI.h">
      <Filter>ヘッダー ファイル\UI\TitleSceneUI</Filter>
    </ClInclude>
    <ClInclude Include="PlayerTrail.h">
      <Filter>ヘッダー ファイル\Effect</Filter>
    </ClInclude>
    <ClInclude Include="PlayerObserver.h">
      <Filter>ヘッダー ファイル\Player</Filter>
    </ClInclude>
    <ClInclude Include="Player.h">
      <Filter>ヘッダー ファイル\Player</Filter>
    </ClInclude>
    <ClInclude Include="PlayerMove.h">
      <Filter>ヘッダー ファイル\Player\State</Filter>
    </ClInclude>
    <ClInclude Include="PlayerReturn.h">
      <Filter>ヘッダー ファイル\Player\State</Filter>
    </ClInclude>
    <ClInclude Include="PlayerWait.h">
      <Filter>ヘッダー ファイル\Player\State</Filter>
    </ClInclude>
    <ClInclude Include="PlayerIdle.h">
      <Filter>ヘッダー ファイル\Player\State</Filter>
    </ClInclude>
    <ClInclude Include="PlayerModel.h">
      <Filter>ヘッダー ファイル\Player</Filter>
    </ClInclude>
    <ClInclude Include="LineTrailModel.h">
      <Filter>ヘッダー ファイル\System</Filter>
    </ClInclude>
    <ClInclude Include="Framework\BaseSingleton.h">
      <Filter>ヘッダー ファイル\Framework</Filter>
    </ClInclude>
    <ClInclude Include="Framework\Easing.h">
      <Filter>ヘッダー ファイル\Framework</Filter>
    </ClInclude>
    <ClInclude Include="Framework\EasingVector.h">
      <Filter>ヘッダー ファイル\Framework</Filter>
    </ClInclude>
    <ClInclude Include="Framework\BaseEmitter.h">
      <Filter>ヘッダー ファイル\Framework</Filter>
    </ClInclude>
    <ClInclude Include="Framework\BaseParticle.h">
      <Filter>ヘッダー ファイル\Framework</Filter>
    </ClInclude>
    <ClInclude Include="Framework\BaseParticleController.h">
      <Filter>ヘッダー ファイル\Framework</Filter>
    </ClInclude>
    <ClInclude Include="Framework\BaseObserver.h">
      <Filter>ヘッダー ファイル\Framework</Filter>
    </ClInclude>
    <ClInclude Include="PlayerBulletController.h">
      <Filter>ヘッダー ファイル\Player</Filter>
    </ClInclude>
    <ClInclude Include="PlayerBomber.h">
      <Filter>ヘッダー ファイル\Player</Filter>
    </ClInclude>
    <ClInclude Include="EnemyController.h">
      <Filter>ヘッダー ファイル\Enemy</Filter>
    </ClInclude>
    <ClInclude Include="TestEnemyModel.h">
      <Filter>ヘッダー ファイル\Enemy\Model</Filter>
    </ClInclude>
    <ClInclude Include="EnemyModel.h">
      <Filter>ヘッダー ファイル\Enemy\Model</Filter>
    </ClInclude>
    <ClInclude Include="LineRenderer.h">
      <Filter>ヘッダー ファイル\System</Filter>
    </ClInclude>
    <ClInclude Include="Framework\BoxCollider3D.h">
      <Filter>ヘッダー ファイル\Framework</Filter>
    </ClInclude>
    <ClInclude Include="Framework\AnimationParticle.h">
      <Filter>ヘッダー ファイル\Framework</Filter>
    </ClInclude>
    <ClInclude Include="PlayerBulletParticle.h">
      <Filter>ヘッダー ファイル\Effect\Particle</Filter>
    </ClInclude>
    <ClInclude Include="PlayerBulletParticleController.h">
      <Filter>ヘッダー ファイル\Effect\Controller</Filter>
    </ClInclude>
    <ClInclude Include="PlayerTrailParticle.h">
      <Filter>ヘッダー ファイル\Effect\Particle</Filter>
    </ClInclude>
    <ClInclude Include="PlayerTrailParticleController.h">
      <Filter>ヘッダー ファイル\Effect\Controller</Filter>
    </ClInclude>
    <ClInclude Include="ScoreParticle.h">
      <Filter>ヘッダー ファイル\Effect\Particle</Filter>
    </ClInclude>
    <ClInclude Include="ScoreParticleController.h">
      <Filter>ヘッダー ファイル\Effect\Controller</Filter>
    </ClInclude>
    <ClInclude Include="EnemyExplosionController.h">
      <Filter>ヘッダー ファイル\Effect\Controller</Filter>
    </ClInclude>
    <ClInclude Include="EnemyExplosionParticle.h">
      <Filter>ヘッダー ファイル\Effect\Particle</Filter>
    </ClInclude>
    <ClInclude Include="Framework\SceneParticleManager.h">
      <Filter>ヘッダー ファイル\Framework</Filter>
    </ClInclude>
    <ClInclude Include="EnemyExplosionFlare.h">
      <Filter>ヘッダー ファイル\Effect\Particle</Filter>
    </ClInclude>
    <ClInclude Include="EnemyExplosionFlareController.h">
      <Filter>ヘッダー ファイル\Effect\Controller</Filter>
    </ClInclude>
    <ClInclude Include="GameStart.h">
      <Filter>ヘッダー ファイル\GameController</Filter>
    </ClInclude>
    <ClInclude Include="GameBattle.h">
      <Filter>ヘッダー ファイル\GameController</Filter>
    </ClInclude>
    <ClInclude Include="GameEnd.h">
      <Filter>ヘッダー ファイル\GameController</Filter>
    </ClInclude>
    <ClInclude Include="PlayerBomberParticle.h">
      <Filter>ヘッダー ファイル\Effect\Particle</Filter>
    </ClInclude>
    <ClInclude Include="PlayerBomberParticleController.h">
      <Filter>ヘッダー ファイル\Effect\Controller</Filter>
    </ClInclude>
    <ClInclude Include="ScoreManager.h">
      <Filter>ヘッダー ファイル\System\Score</Filter>
    </ClInclude>
    <ClInclude Include="rank.h">
      <Filter>ヘッダー ファイル\System\Score</Filter>
    </ClInclude>
    <ClInclude Include="savefile.h">
      <Filter>ヘッダー ファイル\System\Score</Filter>
    </ClInclude>
    <ClInclude Include="ResultSceneUIManager.h">
      <Filter>ヘッダー ファイル\UI\SceneUIManager</Filter>
    </ClInclude>
    <ClInclude Include="resultBGUI.h">
      <Filter>ヘッダー ファイル\UI\ResultSceneUI</Filter>
    </ClInclude>
    <ClInclude Include="battleStartTelop.h">
      <Filter>ヘッダー ファイル\UI\Telop</Filter>
    </ClInclude>
    <ClInclude Include="telopBG.h">
      <Filter>ヘッダー ファイル\UI\Telop</Filter>
    </ClInclude>
    <ClInclude Include="stageClearTelop.h">
      <Filter>ヘッダー ファイル\UI\Telop</Filter>
    </ClInclude>
    <ClInclude Include="picojson\picojson.h">
      <Filter>ヘッダー ファイル\Stage</Filter>
    </ClInclude>
    <ClInclude Include="StageModel.h">
      <Filter>ヘッダー ファイル\Stage</Filter>
    </ClInclude>
    <ClInclude Include="EditorScene.h">
      <Filter>ヘッダー ファイル\Scene</Filter>
    </ClInclude>
    <ClInclude Include="EditorBG.h">
      <Filter>ヘッダー ファイル\Stage</Filter>
    </ClInclude>
    <ClInclude Include="StageEditor.h">
      <Filter>ヘッダー ファイル\Stage</Filter>
    </ClInclude>
    <ClInclude Include="BaseEditWindow.h">
      <Filter>ヘッダー ファイル\Stage\EditWindow</Filter>
    </ClInclude>
    <ClInclude Include="ChangeEditWindow.h">
      <Filter>ヘッダー ファイル\Stage\EditWindow</Filter>
    </ClInclude>
    <ClInclude Include="DataEditWindow.h">
      <Filter>ヘッダー ファイル\Stage\EditWindow</Filter>
    </ClInclude>
    <ClInclude Include="Framework\ResourceManager.h">
      <Filter>ヘッダー ファイル\Framework</Filter>
    </ClInclude>
    <ClInclude Include="Framework\ObserveSubject.h">
      <Filter>ヘッダー ファイル\Framework</Filter>
    </ClInclude>
    <ClInclude Include="ChangeEnemyModel.h">
      <Filter>ヘッダー ファイル\Enemy\Model</Filter>
    </ClInclude>
    <ClInclude Include="StraightEnemyModel.h">
      <Filter>ヘッダー ファイル\Enemy\Model</Filter>
    </ClInclude>
    <ClInclude Include="EnemyWarpHoleController.h">
      <Filter>ヘッダー ファイル\Effect\Controller</Filter>
    </ClInclude>
    <ClInclude Include="EnemyWarpHole.h">
      <Filter>ヘッダー ファイル\Effect\Particle</Filter>
    </ClInclude>
    <ClInclude Include="SnakeEnemyModel.h">
      <Filter>ヘッダー ファイル\Enemy\Model</Filter>
    </ClInclude>
    <ClInclude Include="SnakeEditWindow.h">
      <Filter>ヘッダー ファイル\Stage\EditWindow</Filter>
    </ClInclude>
    <ClInclude Include="Framework\Transform.h">
      <Filter>ヘッダー ファイル\Framework</Filter>
    </ClInclude>
    <ClInclude Include="BackGroundController.h">
      <Filter>ヘッダー ファイル\BG</Filter>
    </ClInclude>
    <ClInclude Include="enemy.h">
      <Filter>ヘッダー ファイル\Enemy</Filter>
    </ClInclude>
    <ClInclude Include="Framework\Keyboard.h">
      <Filter>ヘッダー ファイル\Framework</Filter>
    </ClInclude>
    <ClInclude Include="Framework\Mouse.h">
      <Filter>ヘッダー ファイル\Framework</Filter>
    </ClInclude>
    <ClInclude Include="Framework\Gamepad.h">
      <Filter>ヘッダー ファイル\Framework</Filter>
    </ClInclude>
    <ClInclude Include="Framework\BoardPolygon.h">
      <Filter>ヘッダー ファイル\Framework</Filter>
    </ClInclude>
    <ClInclude Include="EnemyBullet.h">
      <Filter>ヘッダー ファイル\Enemy</Filter>
    </ClInclude>
    <ClInclude Include="EnemyBulletController.h">
      <Filter>ヘッダー ファイル\Enemy</Filter>
    </ClInclude>
    <ClInclude Include="EnemyBulletModel.h">
      <Filter>ヘッダー ファイル\Enemy</Filter>
    </ClInclude>
    <ClInclude Include="EnemyBulletTrail.h">
      <Filter>ヘッダー ファイル\Effect\Particle</Filter>
    </ClInclude>
    <ClInclude Include="EnemyBulletTrailController.h">
      <Filter>ヘッダー ファイル\Effect\Controller</Filter>
    </ClInclude>
    <ClInclude Include="EnemyBulletEffect.h">
      <Filter>ヘッダー ファイル\Effect\Particle</Filter>
    </ClInclude>
    <ClInclude Include="EnemyBulletEffectController.h">
      <Filter>ヘッダー ファイル\Effect\Controller</Filter>
    </ClInclude>
    <ClInclude Include="EnemyBulletCharge.h">
      <Filter>ヘッダー ファイル\Effect\Particle</Filter>
    </ClInclude>
    <ClInclude Include="EnemyBulletChargeController.h">
      <Filter>ヘッダー ファイル\Effect\Controller</Filter>
    </ClInclude>
    <ClInclude Include="EnemyBulletFire.h">
      <Filter>ヘッダー ファイル\Effect\Particle</Filter>
    </ClInclude>
    <ClInclude Include="EnemyBulletFireController.h">
      <Filter>ヘッダー ファイル\Effect\Controller</Filter>
    </ClInclude>
    <ClInclude Include="EnemyGuideArrowController.h">
      <Filter>ヘッダー ファイル\Enemy</Filter>
    </ClInclude>
    <ClInclude Include="EnemyGuideArrow.h">
      <Filter>ヘッダー ファイル\Enemy</Filter>
    </ClInclude>
    <ClInclude Include="EnemyFactory.h">
      <Filter>ヘッダー ファイル\Enemy\Factory</Filter>
    </ClInclude>
    <ClInclude Include="ChangeEnemyFactory.h">
      <Filter>ヘッダー ファイル\Enemy\Factory</Filter>
    </ClInclude>
    <ClInclude Include="StraightEnemyFactory.h">
      <Filter>ヘッダー ファイル\Enemy\Factory</Filter>
    </ClInclude>
    <ClInclude Include="SnakeEnemyFactory.h">
      <Filter>ヘッダー ファイル\Enemy\Factory</Filter>
    </ClInclude>
    <ClInclude Include="soundUI.h">
      <Filter>ヘッダー ファイル\UI</Filter>
    </ClInclude>
    <ClInclude Include="GameBomberSequence.h">
      <Filter>ヘッダー ファイル\GameController</Filter>
    </ClInclude>
    <ClInclude Include="Framework\Polygon2D.h">
      <Filter>ヘッダー ファイル\Framework</Filter>
    </ClInclude>
    <ClInclude Include="PlayerChargeEffect.h">
      <Filter>ヘッダー ファイル\Effect\Particle</Filter>
    </ClInclude>
    <ClInclude Include="PlayerChargeEffectController.h">
      <Filter>ヘッダー ファイル\Effect\Controller</Filter>
    </ClInclude>
    <ClInclude Include="Framework\TMath.h">
      <Filter>ヘッダー ファイル\Framework</Filter>
    </ClInclude>
    <ClInclude Include="PlayerChargeParticle.h">
      <Filter>ヘッダー ファイル\Effect\Particle</Filter>
    </ClInclude>
    <ClInclude Include="PlayerChargeParticleController.h">
      <Filter>ヘッダー ファイル\Effect\Controller</Filter>
    </ClInclude>
    <ClInclude Include="PlayerBomberController.h">
      <Filter>ヘッダー ファイル\Player</Filter>
    </ClInclude>
    <ClInclude Include="Framework\TMath.h">
      <Filter>ヘッダー ファイル\Framework</Filter>
    </ClInclude>
    <ClInclude Include="AccelEffectParticle.h">
      <Filter>ヘッダー ファイル\Effect\Particle</Filter>
    </ClInclude>
    <ClInclude Include="AccelEffectController.h">
      <Filter>ヘッダー ファイル\Effect\Controller</Filter>
    </ClInclude>
    <ClInclude Include="BomberStockEffect.h">
      <Filter>ヘッダー ファイル\Effect</Filter>
    </ClInclude>
    <ClInclude Include="Framework\ColliderObserver.h">
      <Filter>ヘッダー ファイル\Framework</Filter>
    </ClInclude>
    <ClInclude Include="Framework\CameraShakePlugin.h">
      <Filter>ヘッダー ファイル\Framework</Filter>
    </ClInclude>
    <ClInclude Include="BomberFire.h">
      <Filter>ヘッダー ファイル\Effect\Particle</Filter>
    </ClInclude>
    <ClInclude Include="BomberFireController.h">
      <Filter>ヘッダー ファイル\Effect\Controller</Filter>
    </ClInclude>
    <ClInclude Include="Framework\AnimationManager.h">
      <Filter>ヘッダー ファイル\Framework</Filter>
    </ClInclude>
    <ClInclude Include="BossEnemyModel.h">
      <Filter>ヘッダー ファイル\Enemy\Model</Filter>
    </ClInclude>
    <ClInclude Include="BossEnemyActor.h">
      <Filter>ヘッダー ファイル\Enemy</Filter>
    </ClInclude>
    <ClInclude Include="Framework\Vector3.h">
      <Filter>ヘッダー ファイル\Framework</Filter>
    </ClInclude>
    <ClInclude Include="BossInit.h">
      <Filter>ヘッダー ファイル\Enemy\State</Filter>
    </ClInclude>
    <ClInclude Include="BossRebarAttack.h">
      <Filter>ヘッダー ファイル\Enemy\State</Filter>
    </ClInclude>
  </ItemGroup>
  <ItemGroup>
    <ClCompile Include="camera.cpp">
      <Filter>ソース ファイル\System</Filter>
    </ClCompile>
    <ClCompile Include="input.cpp">
      <Filter>ソース ファイル\System</Filter>
    </ClCompile>
    <ClCompile Include="light.cpp">
      <Filter>ソース ファイル\System</Filter>
    </ClCompile>
    <ClCompile Include="main.cpp">
      <Filter>ソース ファイル\System</Filter>
    </ClCompile>
    <ClCompile Include="MyLibrary.cpp">
      <Filter>ソース ファイル\System</Filter>
    </ClCompile>
    <ClCompile Include="Framework\BaseCameraPlugin.cpp">
      <Filter>ソース ファイル\Framework</Filter>
    </ClCompile>
    <ClCompile Include="Framework\EasingVector.cpp">
      <Filter>ソース ファイル\Framework</Filter>
    </ClCompile>
    <ClCompile Include="Framework\MeshContainer.cpp">
      <Filter>ソース ファイル\Framework</Filter>
    </ClCompile>
    <ClCompile Include="PostEffect\BloomController.cpp">
      <Filter>ソース ファイル\PostEffect</Filter>
    </ClCompile>
    <ClCompile Include="PostEffect\BloomFilter.cpp">
      <Filter>ソース ファイル\PostEffect</Filter>
    </ClCompile>
    <ClCompile Include="PostEffect\BlurFilter.cpp">
      <Filter>ソース ファイル\PostEffect</Filter>
    </ClCompile>
    <ClCompile Include="PostEffect\CrossBlurFilter.cpp">
      <Filter>ソース ファイル\PostEffect</Filter>
    </ClCompile>
    <ClCompile Include="PostEffect\CrossFilterController.cpp">
      <Filter>ソース ファイル\PostEffect</Filter>
    </ClCompile>
    <ClCompile Include="PostEffect\MonotoneFilter.cpp">
      <Filter>ソース ファイル\PostEffect</Filter>
    </ClCompile>
    <ClCompile Include="PostEffect\ScreenObject.cpp">
      <Filter>ソース ファイル\PostEffect</Filter>
    </ClCompile>
    <ClCompile Include="PostEffect\ShockBlur.cpp">
      <Filter>ソース ファイル\PostEffect</Filter>
    </ClCompile>
    <ClCompile Include="PostEffect\ShockBlurController.cpp">
      <Filter>ソース ファイル\PostEffect</Filter>
    </ClCompile>
    <ClCompile Include="PostEffect\SpikeNoise.cpp">
      <Filter>ソース ファイル\PostEffect</Filter>
    </ClCompile>
    <ClCompile Include="PostEffect\SpikeNoiseController.cpp">
      <Filter>ソース ファイル\PostEffect</Filter>
    </ClCompile>
    <ClCompile Include="PostEffect\StrongBlurFilter.cpp">
      <Filter>ソース ファイル\PostEffect</Filter>
    </ClCompile>
    <ClCompile Include="imgui\imgui.cpp">
      <Filter>ソース ファイル\imgui</Filter>
    </ClCompile>
    <ClCompile Include="imgui\imgui_demo.cpp">
      <Filter>ソース ファイル\imgui</Filter>
    </ClCompile>
    <ClCompile Include="imgui\imgui_draw.cpp">
      <Filter>ソース ファイル\imgui</Filter>
    </ClCompile>
    <ClCompile Include="imgui\imgui_impl_dx9.cpp">
      <Filter>ソース ファイル\imgui</Filter>
    </ClCompile>
    <ClCompile Include="imgui\imgui_impl_win32.cpp">
      <Filter>ソース ファイル\imgui</Filter>
    </ClCompile>
    <ClCompile Include="imgui\imgui_widgets.cpp">
      <Filter>ソース ファイル\imgui</Filter>
    </ClCompile>
    <ClCompile Include="debugTimer.cpp">
      <Filter>ソース ファイル\System</Filter>
    </ClCompile>
    <ClCompile Include="debugWindow.cpp">
      <Filter>ソース ファイル\System</Filter>
    </ClCompile>
    <ClCompile Include="PlayerBullet.cpp">
      <Filter>ソース ファイル\Player</Filter>
    </ClCompile>
    <ClCompile Include="UIdrawer.cpp">
      <Filter>ソース ファイル\UI</Filter>
    </ClCompile>
    <ClCompile Include="GameScene.cpp">
      <Filter>ソース ファイル\Scene</Filter>
    </ClCompile>
    <ClCompile Include="ResultScene.cpp">
      <Filter>ソース ファイル\Scene</Filter>
    </ClCompile>
    <ClCompile Include="Framework\AnimContainer.cpp">
      <Filter>ソース ファイル\Framework</Filter>
    </ClCompile>
    <ClCompile Include="Framework\MyAllocateHierarchy.cpp">
      <Filter>ソース ファイル\Framework</Filter>
    </ClCompile>
    <ClCompile Include="player.cpp">
      <Filter>ソース ファイル\Player</Filter>
    </ClCompile>
    <ClCompile Include="InputController.cpp">
      <Filter>ソース ファイル\System</Filter>
    </ClCompile>
    <ClCompile Include="PlayerController.cpp">
      <Filter>ソース ファイル\Player</Filter>
    </ClCompile>
    <ClCompile Include="BackGroundCity.cpp">
      <Filter>ソース ファイル\BG</Filter>
    </ClCompile>
    <ClCompile Include="SkyBox.cpp">
      <Filter>ソース ファイル\BG</Filter>
    </ClCompile>
    <ClCompile Include="GameParticleManager.cpp">
      <Filter>ソース ファイル\Effect</Filter>
    </ClCompile>
    <ClCompile Include="BackGroundRoad.cpp">
      <Filter>ソース ファイル\BG</Filter>
    </ClCompile>
    <ClCompile Include="BackGuroundField.cpp">
      <Filter>ソース ファイル\BG</Filter>
    </ClCompile>
    <ClCompile Include="sound.cpp">
      <Filter>ソース ファイル\sound</Filter>
    </ClCompile>
    <ClCompile Include="Framework\InstancingMeshContainer.cpp">
      <Filter>ソース ファイル\Framework</Filter>
    </ClCompile>
    <ClCompile Include="PostEffectManager.cpp">
      <Filter>ソース ファイル\PostEffect</Filter>
    </ClCompile>
    <ClCompile Include="TrailCollider.cpp">
      <Filter>ソース ファイル\Collider</Filter>
    </ClCompile>
    <ClCompile Include="PostEffect\SpeedBlurFilter.cpp">
      <Filter>ソース ファイル\PostEffect</Filter>
    </ClCompile>
    <ClCompile Include="PostEffect\SpeedBlurController.cpp">
      <Filter>ソース ファイル\PostEffect</Filter>
    </ClCompile>
    <ClCompile Include="PostEffectManager.cpp">
      <Filter>ソース ファイル\PostEffect</Filter>
    </ClCompile>
    <ClCompile Include="SoundGameScene.cpp">
      <Filter>ソース ファイル\sound</Filter>
    </ClCompile>
    <ClCompile Include="SoundTitleScene.cpp">
      <Filter>ソース ファイル\sound</Filter>
    </ClCompile>
    <ClCompile Include="SoundResultScene.cpp">
      <Filter>ソース ファイル\sound</Filter>
    </ClCompile>
    <ClCompile Include="Stencil.cpp">
      <Filter>ソース ファイル\Framework</Filter>
    </ClCompile>
    <ClCompile Include="masktex.cpp">
      <Filter>ソース ファイル\UI</Filter>
    </ClCompile>
    <ClCompile Include="Framework\BaseParticle.cpp">
      <Filter>ソース ファイル\Framework</Filter>
    </ClCompile>
    <ClCompile Include="Framework\BaseEmitter.cpp">
      <Filter>ソース ファイル\Framework</Filter>
    </ClCompile>
    <ClCompile Include="Framework\BaseParticleController.cpp">
      <Filter>ソース ファイル\Framework</Filter>
    </ClCompile>
    <ClCompile Include="UIdrawer.cpp">
      <Filter>ソース ファイル\UI</Filter>
    </ClCompile>
    <ClCompile Include="GameSceneUIManager.cpp">
      <Filter>ソース ファイル\UI\SceneUIManager</Filter>
    </ClCompile>
    <ClCompile Include="comboUI.cpp">
      <Filter>ソース ファイル\UI\GameSceneUI</Filter>
    </ClCompile>
    <ClCompile Include="cursorUI.cpp">
      <Filter>ソース ファイル\UI\GameSceneUI</Filter>
    </ClCompile>
    <ClCompile Include="guageUI.cpp">
      <Filter>ソース ファイル\UI\GameSceneUI</Filter>
    </ClCompile>
    <ClCompile Include="lineUI.cpp">
      <Filter>ソース ファイル\UI\GameSceneUI</Filter>
    </ClCompile>
    <ClCompile Include="scoreUI.cpp">
      <Filter>ソース ファイル\UI\GameSceneUI</Filter>
    </ClCompile>
    <ClCompile Include="starUI.cpp">
      <Filter>ソース ファイル\UI\GameSceneUI</Filter>
    </ClCompile>
    <ClCompile Include="trailUI.cpp">
      <Filter>ソース ファイル\UI\GameSceneUI</Filter>
    </ClCompile>
    <ClCompile Include="TitleSceneUIManager.cpp">
      <Filter>ソース ファイル\UI\SceneUIManager</Filter>
    </ClCompile>
    <ClCompile Include="titleLogoUI.cpp">
      <Filter>ソース ファイル\UI\TitleSceneUI</Filter>
    </ClCompile>
    <ClCompile Include="startButtonUI.cpp">
      <Filter>ソース ファイル\UI\TitleSceneUI</Filter>
    </ClCompile>
    <ClCompile Include="titleBGUI.cpp">
      <Filter>ソース ファイル\UI\TitleSceneUI</Filter>
    </ClCompile>
    <ClCompile Include="PlayerTrail.cpp">
      <Filter>ソース ファイル\Effect</Filter>
    </ClCompile>
    <ClCompile Include="PlayerObserver.cpp">
      <Filter>ソース ファイル\Player</Filter>
    </ClCompile>
    <ClCompile Include="Player.cpp">
      <Filter>ソース ファイル\Player</Filter>
    </ClCompile>
    <ClCompile Include="PlayerMove.cpp">
      <Filter>ソース ファイル\Player\State</Filter>
    </ClCompile>
    <ClCompile Include="PlayerReturn.cpp">
      <Filter>ソース ファイル\Player\State</Filter>
    </ClCompile>
    <ClCompile Include="PlayerWait.cpp">
      <Filter>ソース ファイル\Player\State</Filter>
    </ClCompile>
    <ClCompile Include="PlayerIdle.cpp">
      <Filter>ソース ファイル\Player\State</Filter>
    </ClCompile>
    <ClCompile Include="PlayerModel.cpp">
      <Filter>ソース ファイル\Player</Filter>
    </ClCompile>
    <ClCompile Include="PlayerWait.cpp">
      <Filter>ソース ファイル\Player\State</Filter>
    </ClCompile>
    <ClCompile Include="PlayerReturn.cpp">
      <Filter>ソース ファイル\Player\State</Filter>
    </ClCompile>
    <ClCompile Include="PlayerBomberController.cpp">
      <Filter>ソース ファイル\Player</Filter>
    </ClCompile>
    <ClCompile Include="LineTrailModel.cpp">
      <Filter>ソース ファイル\System</Filter>
    </ClCompile>
    <ClCompile Include="TitleScene.cpp">
      <Filter>ソース ファイル\Scene</Filter>
    </ClCompile>
    <ClCompile Include="Framework\ObserveSubject.cpp">
      <Filter>ソース ファイル\Framework</Filter>
    </ClCompile>
    <ClCompile Include="PlayerBulletController.cpp">
      <Filter>ソース ファイル\Player</Filter>
    </ClCompile>
    <ClCompile Include="EnemyController.cpp">
      <Filter>ソース ファイル\Enemy</Filter>
    </ClCompile>
    <ClCompile Include="TestEnemyModel.cpp">
      <Filter>ソース ファイル\Enemy\Model</Filter>
    </ClCompile>
    <ClCompile Include="EnemyModel.cpp">
      <Filter>ソース ファイル\Enemy\Model</Filter>
    </ClCompile>
    <ClCompile Include="LineRenderer.cpp">
      <Filter>ソース ファイル\System</Filter>
    </ClCompile>
    <ClCompile Include="Framework\BoxCollider3D.cpp">
      <Filter>ソース ファイル\Framework</Filter>
    </ClCompile>
    <ClCompile Include="Enemy.cpp">
      <Filter>ソース ファイル\Enemy</Filter>
    </ClCompile>
    <ClCompile Include="Framework\AnimationParticle.cpp">
      <Filter>ソース ファイル\Framework</Filter>
    </ClCompile>
    <ClCompile Include="RebarOb.cpp">
      <Filter>ソース ファイル\Obstacles</Filter>
    </ClCompile>
    <ClCompile Include="EnemyExplosionParticle.cpp">
      <Filter>ソース ファイル\Effect\Particle</Filter>
    </ClCompile>
    <ClCompile Include="PlayerBulletParticle.cpp">
      <Filter>ソース ファイル\Effect\Particle</Filter>
    </ClCompile>
    <ClCompile Include="PlayerBulletParticleController.cpp">
      <Filter>ソース ファイル\Effect\Controller</Filter>
    </ClCompile>
    <ClCompile Include="PlayerTrailParticle.cpp">
      <Filter>ソース ファイル\Effect\Particle</Filter>
    </ClCompile>
    <ClCompile Include="PlayerTrailParticleController.cpp">
      <Filter>ソース ファイル\Effect\Controller</Filter>
    </ClCompile>
    <ClCompile Include="ScoreParticle.cpp">
      <Filter>ソース ファイル\Effect\Particle</Filter>
    </ClCompile>
    <ClCompile Include="ScoreParticleController.cpp">
      <Filter>ソース ファイル\Effect\Controller</Filter>
    </ClCompile>
    <ClCompile Include="EnemyExplosionController.cpp">
      <Filter>ソース ファイル\Effect\Controller</Filter>
    </ClCompile>
    <ClCompile Include="Framework\SceneParticleManager.cpp">
      <Filter>ソース ファイル\Framework</Filter>
    </ClCompile>
    <ClCompile Include="EnemyExplosionFlare.cpp">
      <Filter>ソース ファイル\Effect\Particle</Filter>
    </ClCompile>
    <ClCompile Include="EnemyExplosionFlareController.cpp">
      <Filter>ソース ファイル\Effect\Controller</Filter>
    </ClCompile>
    <ClCompile Include="GameStart.cpp">
      <Filter>ソース ファイル\GameController</Filter>
    </ClCompile>
    <ClCompile Include="GameBattle.cpp">
      <Filter>ソース ファイル\GameController</Filter>
    </ClCompile>
    <ClCompile Include="GameEnd.cpp">
      <Filter>ソース ファイル\GameController</Filter>
    </ClCompile>
    <ClCompile Include="PlayerBomberParticle.cpp">
      <Filter>ソース ファイル\Effect\Particle</Filter>
    </ClCompile>
    <ClCompile Include="PlayeBomberParticleController.cpp">
      <Filter>ソース ファイル\Effect\Controller</Filter>
    </ClCompile>
    <ClCompile Include="ScoreManager.cpp">
      <Filter>ソース ファイル\System\Score</Filter>
    </ClCompile>
    <ClCompile Include="rank.cpp">
      <Filter>ソース ファイル\System\Score</Filter>
    </ClCompile>
    <ClCompile Include="savefile.cpp">
      <Filter>ソース ファイル\System\Score</Filter>
    </ClCompile>
    <ClCompile Include="ResultSceneUIManager.cpp">
      <Filter>ソース ファイル\UI\SceneUIManager</Filter>
    </ClCompile>
    <ClCompile Include="resultBGUI.cpp">
      <Filter>ソース ファイル\UI\ResultSceneUI</Filter>
    </ClCompile>
    <ClCompile Include="battleStartTelop.cpp">
      <Filter>ソース ファイル\UI\Telop</Filter>
    </ClCompile>
    <ClCompile Include="telopBG.cpp">
      <Filter>ソース ファイル\UI\Telop</Filter>
    </ClCompile>
    <ClCompile Include="stageClearTelop.cpp">
      <Filter>ソース ファイル\UI\Telop</Filter>
    </ClCompile>
    <ClCompile Include="EditorScene.cpp">
      <Filter>ソース ファイル\Scene</Filter>
    </ClCompile>
    <ClCompile Include="EditorBG.cpp">
      <Filter>ソース ファイル\Stage</Filter>
    </ClCompile>
    <ClCompile Include="StageEditor.cpp">
      <Filter>ソース ファイル\Stage</Filter>
    </ClCompile>
    <ClCompile Include="ChangeEditWindow.cpp">
      <Filter>ソース ファイル\Stage\EditWindow</Filter>
    </ClCompile>
    <ClCompile Include="BaseEditWindow.cpp">
      <Filter>ソース ファイル\Stage\EditWindow</Filter>
    </ClCompile>
    <ClCompile Include="Framework\ResourceManager.cpp">
      <Filter>ソース ファイル\Framework</Filter>
    </ClCompile>
    <ClCompile Include="ChangeEnemyModel.cpp">
      <Filter>ソース ファイル\Enemy\Model</Filter>
    </ClCompile>
    <ClCompile Include="StraightEnemyModel.cpp">
      <Filter>ソース ファイル\Enemy\Model</Filter>
    </ClCompile>
    <ClCompile Include="EnemyWarpHoleController.cpp">
      <Filter>ソース ファイル\Effect\Controller</Filter>
    </ClCompile>
    <ClCompile Include="EnemyWarpHole.cpp">
      <Filter>ソース ファイル\Effect\Particle</Filter>
    </ClCompile>
    <ClCompile Include="SnakeEnemyModel.cpp">
      <Filter>ソース ファイル\Enemy\Model</Filter>
    </ClCompile>
    <ClCompile Include="SnakeEditWindow.cpp">
      <Filter>ソース ファイル\Stage\EditWindow</Filter>
    </ClCompile>
    <ClCompile Include="Game.cpp">
      <Filter>ソース ファイル\System</Filter>
    </ClCompile>
    <ClCompile Include="Framework\Transform.cpp">
      <Filter>ソース ファイル\Framework</Filter>
    </ClCompile>
    <ClCompile Include="BackGroundController.cpp">
      <Filter>ソース ファイル\BG</Filter>
    </ClCompile>
    <ClCompile Include="Framework\Keyboard.cpp">
      <Filter>ソース ファイル\Framework</Filter>
    </ClCompile>
    <ClCompile Include="Framework\Mouse.cpp">
      <Filter>ソース ファイル\Framework</Filter>
    </ClCompile>
    <ClCompile Include="Framework\Gamepad.cpp">
      <Filter>ソース ファイル\Framework</Filter>
    </ClCompile>
    <ClCompile Include="Framework\BoardPolygon.cpp">
      <Filter>ソース ファイル\Framework</Filter>
    </ClCompile>
    <ClCompile Include="EnemyBullet.cpp">
      <Filter>ソース ファイル\Enemy</Filter>
    </ClCompile>
    <ClCompile Include="EnemyBulletController.cpp">
      <Filter>ソース ファイル\Enemy</Filter>
    </ClCompile>
    <ClCompile Include="EnemyBulletModel.cpp">
      <Filter>ソース ファイル\Enemy</Filter>
    </ClCompile>
    <ClCompile Include="EnemyBulletTrail.cpp">
      <Filter>ソース ファイル\Effect\Particle</Filter>
    </ClCompile>
    <ClCompile Include="EnemyBulletTrailController.cpp">
      <Filter>ソース ファイル\Effect\Controller</Filter>
    </ClCompile>
    <ClCompile Include="EnemyBulletEffect.cpp">
      <Filter>ソース ファイル\Effect\Particle</Filter>
    </ClCompile>
    <ClCompile Include="EnemyBulletEffectController.cpp">
      <Filter>ソース ファイル\Effect\Controller</Filter>
    </ClCompile>
    <ClCompile Include="EnemyBulletCharge.cpp">
      <Filter>ソース ファイル\Effect\Particle</Filter>
    </ClCompile>
    <ClCompile Include="EnemyBulletChargeController.cpp">
      <Filter>ソース ファイル\Effect\Controller</Filter>
    </ClCompile>
    <ClCompile Include="EnemyBulletFire.cpp">
      <Filter>ソース ファイル\Effect\Particle</Filter>
    </ClCompile>
    <ClCompile Include="EnemyBulletFireController.cpp">
      <Filter>ソース ファイル\Effect\Controller</Filter>
    </ClCompile>
    <ClCompile Include="EnemyGuideArrow.cpp">
      <Filter>ソース ファイル\Enemy</Filter>
    </ClCompile>
    <ClCompile Include="EnemyGuideArrowController.cpp">
      <Filter>ソース ファイル\Enemy</Filter>
    </ClCompile>
    <ClCompile Include="ChangeEnemyFactory.cpp">
      <Filter>ソース ファイル\Enemy\Factory</Filter>
    </ClCompile>
    <ClCompile Include="StraightEnemyFactory.cpp">
      <Filter>ソース ファイル\Enemy\Factory</Filter>
    </ClCompile>
    <ClCompile Include="SnakeEnemyFactory.cpp">
      <Filter>ソース ファイル\Enemy\Factory</Filter>
    </ClCompile>
    <ClCompile Include="soundUI.cpp">
      <Filter>ソース ファイル\UI</Filter>
    </ClCompile>
    <ClCompile Include="GameBomberSequence.cpp">
      <Filter>ソース ファイル\GameController</Filter>
    </ClCompile>
    <ClCompile Include="Framework\Polygon2D.cpp">
      <Filter>ソース ファイル\Framework</Filter>
    </ClCompile>
    <ClCompile Include="PlayerChargeEffect.cpp">
      <Filter>ソース ファイル\Effect\Particle</Filter>
    </ClCompile>
    <ClCompile Include="PlayerChargeEffectController.cpp">
      <Filter>ソース ファイル\Effect\Controller</Filter>
    </ClCompile>
    <ClCompile Include="PlayerChargeParticle.cpp">
      <Filter>ソース ファイル\Effect\Particle</Filter>
    </ClCompile>
    <ClCompile Include="PlayerChargeParticleController.cpp">
      <Filter>ソース ファイル\Effect\Controller</Filter>
    </ClCompile>
    <ClCompile Include="PlayerBomber.cpp">
      <Filter>ソース ファイル\Player</Filter>
    </ClCompile>
    <ClCompile Include="AccelEffectParticle.cpp">
      <Filter>ソース ファイル\Effect\Particle</Filter>
    </ClCompile>
    <ClCompile Include="AccelEffectController.cpp">
      <Filter>ソース ファイル\Effect\Controller</Filter>
    </ClCompile>
    <ClCompile Include="BomberStockEffect.cpp">
      <Filter>ソース ファイル\Effect</Filter>
    </ClCompile>
    <ClCompile Include="Framework\CameraShakePlugin.cpp">
      <Filter>ソース ファイル\Framework</Filter>
    </ClCompile>
    <ClCompile Include="BomberFire.cpp">
      <Filter>ソース ファイル\Effect\Particle</Filter>
    </ClCompile>
    <ClCompile Include="BomberFireController.cpp">
      <Filter>ソース ファイル\Effect\Controller</Filter>
    </ClCompile>
    <ClCompile Include="Framework\AnimationManager.cpp">
      <Filter>ソース ファイル\Framework</Filter>
    </ClCompile>
    <ClCompile Include="BossEnemyModel.cpp">
      <Filter>ソース ファイル\Enemy\Model</Filter>
    </ClCompile>
    <ClCompile Include="BossEnemyActor.cpp">
      <Filter>ソース ファイル\Enemy</Filter>
    </ClCompile>
    <ClCompile Include="Framework\Vector3.cpp">
      <Filter>ソース ファイル\Framework</Filter>
    </ClCompile>
    <ClCompile Include="BossInit.cpp">
      <Filter>ソース ファイル\Enemy\Model\State</Filter>
    </ClCompile>
    <ClCompile Include="BossRebarAttack.cpp">
      <Filter>ソース ファイル\Enemy\Model\State</Filter>
    </ClCompile>
  </ItemGroup>
  <ItemGroup>
    <FxCompile Include="Shaders\BloomFilter.fx">
      <Filter>リソース ファイル</Filter>
    </FxCompile>
    <FxCompile Include="Shaders\BlurFilter.fx">
      <Filter>リソース ファイル</Filter>
    </FxCompile>
    <FxCompile Include="Shaders\CrossBlur.fx">
      <Filter>リソース ファイル</Filter>
    </FxCompile>
    <FxCompile Include="Shaders\HexaCrossBlur.fx">
      <Filter>リソース ファイル</Filter>
    </FxCompile>
    <FxCompile Include="Shaders\ModelInstancing.fx">
      <Filter>リソース ファイル</Filter>
    </FxCompile>
    <FxCompile Include="Shaders\MonotoneFilter.fx">
      <Filter>リソース ファイル</Filter>
    </FxCompile>
    <FxCompile Include="Shaders\particle3D.fx">
      <Filter>リソース ファイル</Filter>
    </FxCompile>
    <FxCompile Include="Shaders\ShockBlur.fx">
      <Filter>リソース ファイル</Filter>
    </FxCompile>
    <FxCompile Include="Shaders\SpeedBlur.fx">
      <Filter>リソース ファイル</Filter>
    </FxCompile>
    <FxCompile Include="Shaders\SpikeNoise.fx">
      <Filter>リソース ファイル</Filter>
    </FxCompile>
    <FxCompile Include="Shaders\StrongBlurFilter.fx">
      <Filter>リソース ファイル</Filter>
    </FxCompile>
  </ItemGroup>
</Project>